# THIS IS AN AUTOGENERATED FILE. DO NOT EDIT THIS FILE DIRECTLY.
# yarn lockfile v1
blessed@^0.1.81:
  version "0.1.81"
  resolved "https://registry.yarnpkg.com/blessed/-/blessed-0.1.81.tgz#f962d687ec2c369570ae71af843256e6d0ca1129"

huumanoid/xat-client:
  name xat-client
  version "0.2.4"
  resolved "https://codeload.github.com/huumanoid/xat-client/tar.gz/1d6b06239d1793201ebd64863784b00dad73c257"
  dependencies:
    xml2js "^0.4.16"

lodash@^4.0.0:
  version "4.16.4"
  resolved "https://registry.yarnpkg.com/lodash/-/lodash-4.16.4.tgz#01ce306b9bad1319f2a5528674f88297aeb70127"

sax@>=0.6.0:
  version "1.2.1"
  resolved "https://registry.yarnpkg.com/sax/-/sax-1.2.1.tgz#7b8e656190b228e81a66aea748480d828cd2d37a"

xml2js@^0.4.16:
  version "0.4.17"
  resolved "https://registry.yarnpkg.com/xml2js/-/xml2js-0.4.17.tgz#17be93eaae3f3b779359c795b419705a8817e868"
  dependencies:
    sax ">=0.6.0"
    xmlbuilder "^4.1.0"

xmlbuilder@^4.1.0:
  version "4.2.1"
  resolved "https://registry.yarnpkg.com/xmlbuilder/-/xmlbuilder-4.2.1.tgz#aa58a3041a066f90eaa16c2f5389ff19f3f461a5"
  dependencies:
    lodash "^4.0.0"

